// !$*UTF8*$!
{
	archiveVersion = 1;
	classes = {
	};
	objectVersion = 50;
	objects = {

/* Begin PBXBuildFile section */
		85D18C4223621D5F00131893 /* UpdateFoodMinderViewController.swift in Sources */ = {isa = PBXBuildFile; fileRef = 85D18C4123621D5F00131893 /* UpdateFoodMinderViewController.swift */; };
		85E977A62360D685008EE61C /* AppDelegate.swift in Sources */ = {isa = PBXBuildFile; fileRef = 85E977A52360D685008EE61C /* AppDelegate.swift */; };
		85E977A82360D685008EE61C /* SceneDelegate.swift in Sources */ = {isa = PBXBuildFile; fileRef = 85E977A72360D685008EE61C /* SceneDelegate.swift */; };
		85E977AD2360D685008EE61C /* Main.storyboard in Resources */ = {isa = PBXBuildFile; fileRef = 85E977AB2360D685008EE61C /* Main.storyboard */; };
		85E977AF2360D689008EE61C /* Assets.xcassets in Resources */ = {isa = PBXBuildFile; fileRef = 85E977AE2360D689008EE61C /* Assets.xcassets */; };
		85E977B22360D689008EE61C /* LaunchScreen.storyboard in Resources */ = {isa = PBXBuildFile; fileRef = 85E977B02360D689008EE61C /* LaunchScreen.storyboard */; };
		85E977BA2360D886008EE61C /* AddFoodMinderViewController.swift in Sources */ = {isa = PBXBuildFile; fileRef = 85E977B92360D886008EE61C /* AddFoodMinderViewController.swift */; };
		85E977BC2360E08D008EE61C /* FoodMinder.swift in Sources */ = {isa = PBXBuildFile; fileRef = 85E977BB2360E08D008EE61C /* FoodMinder.swift */; };
		85E977BE2360E166008EE61C /* FoodMinderViewController.swift in Sources */ = {isa = PBXBuildFile; fileRef = 85E977BD2360E166008EE61C /* FoodMinderViewController.swift */; };
		85E977C02360E248008EE61C /* FoodMinderPersistentController.swift in Sources */ = {isa = PBXBuildFile; fileRef = 85E977BF2360E248008EE61C /* FoodMinderPersistentController.swift */; };
		85E977C22360E567008EE61C /* FoodMinderTableViewCell.swift in Sources */ = {isa = PBXBuildFile; fileRef = 85E977C12360E567008EE61C /* FoodMinderTableViewCell.swift */; };
/* End PBXBuildFile section */

/* Begin PBXFileReference section */
		85D18C4123621D5F00131893 /* UpdateFoodMinderViewController.swift */ = {isa = PBXFileReference; lastKnownFileType = sourcecode.swift; path = UpdateFoodMinderViewController.swift; sourceTree = "<group>"; };
		85E977A22360D685008EE61C /* foodMinder.app */ = {isa = PBXFileReference; explicitFileType = wrapper.application; includeInIndex = 0; path = foodMinder.app; sourceTree = BUILT_PRODUCTS_DIR; };
		85E977A52360D685008EE61C /* AppDelegate.swift */ = {isa = PBXFileReference; lastKnownFileType = sourcecode.swift; path = AppDelegate.swift; sourceTree = "<group>"; };
		85E977A72360D685008EE61C /* SceneDelegate.swift */ = {isa = PBXFileReference; lastKnownFileType = sourcecode.swift; path = SceneDelegate.swift; sourceTree = "<group>"; };
		85E977AC2360D685008EE61C /* Base */ = {isa = PBXFileReference; lastKnownFileType = file.storyboard; name = Base; path = Base.lproj/Main.storyboard; sourceTree = "<group>"; };
		85E977AE2360D689008EE61C /* Assets.xcassets */ = {isa = PBXFileReference; lastKnownFileType = folder.assetcatalog; path = Assets.xcassets; sourceTree = "<group>"; };
		85E977B12360D689008EE61C /* Base */ = {isa = PBXFileReference; lastKnownFileType = file.storyboard; name = Base; path = Base.lproj/LaunchScreen.storyboard; sourceTree = "<group>"; };
		85E977B32360D689008EE61C /* Info.plist */ = {isa = PBXFileReference; lastKnownFileType = text.plist.xml; path = Info.plist; sourceTree = "<group>"; };
		85E977B92360D886008EE61C /* AddFoodMinderViewController.swift */ = {isa = PBXFileReference; lastKnownFileType = sourcecode.swift; path = AddFoodMinderViewController.swift; sourceTree = "<group>"; };
		85E977BB2360E08D008EE61C /* FoodMinder.swift */ = {isa = PBXFileReference; lastKnownFileType = sourcecode.swift; path = FoodMinder.swift; sourceTree = "<group>"; };
		85E977BD2360E166008EE61C /* FoodMinderViewController.swift */ = {isa = PBXFileReference; lastKnownFileType = sourcecode.swift; path = FoodMinderViewController.swift; sourceTree = "<group>"; };
		85E977BF2360E248008EE61C /* FoodMinderPersistentController.swift */ = {isa = PBXFileReference; lastKnownFileType = sourcecode.swift; path = FoodMinderPersistentController.swift; sourceTree = "<group>"; };
		85E977C12360E567008EE61C /* FoodMinderTableViewCell.swift */ = {isa = PBXFileReference; lastKnownFileType = sourcecode.swift; path = FoodMinderTableViewCell.swift; sourceTree = "<group>"; };
/* End PBXFileReference section */

/* Begin PBXFrameworksBuildPhase section */
		85E9779F2360D685008EE61C /* Frameworks */ = {
			isa = PBXFrameworksBuildPhase;
			buildActionMask = 2147483647;
			files = (
			);
			runOnlyForDeploymentPostprocessing = 0;
		};
/* End PBXFrameworksBuildPhase section */

/* Begin PBXGroup section */
		85E977992360D685008EE61C = {
			isa = PBXGroup;
			children = (
				85E977A42360D685008EE61C /* foodMinder */,
				85E977A32360D685008EE61C /* Products */,
			);
			sourceTree = "<group>";
		};
		85E977A32360D685008EE61C /* Products */ = {
			isa = PBXGroup;
			children = (
				85E977A22360D685008EE61C /* foodMinder.app */,
			);
			name = Products;
			sourceTree = "<group>";
		};
		85E977A42360D685008EE61C /* foodMinder */ = {
			isa = PBXGroup;
			children = (
				85E977C52360E6DD008EE61C /* Helpers */,
				85E977C32360E6A3008EE61C /* Models */,
				85E977C42360E6CB008EE61C /* Views */,
				85E977C62360E8A8008EE61C /* View Controllers */,
				85E977B32360D689008EE61C /* Info.plist */,
			);
			path = foodMinder;
			sourceTree = "<group>";
		};
		85E977C32360E6A3008EE61C /* Models */ = {
			isa = PBXGroup;
			children = (
				85E977BB2360E08D008EE61C /* FoodMinder.swift */,
				85E977BF2360E248008EE61C /* FoodMinderPersistentController.swift */,
			);
			path = Models;
			sourceTree = "<group>";
		};
		85E977C42360E6CB008EE61C /* Views */ = {
			isa = PBXGroup;
			children = (
				85E977C12360E567008EE61C /* FoodMinderTableViewCell.swift */,
				85E977B02360D689008EE61C /* LaunchScreen.storyboard */,
				85E977AB2360D685008EE61C /* Main.storyboard */,
				85E977AE2360D689008EE61C /* Assets.xcassets */,
			);
			path = Views;
			sourceTree = "<group>";
		};
		85E977C52360E6DD008EE61C /* Helpers */ = {
			isa = PBXGroup;
			children = (
				85E977A52360D685008EE61C /* AppDelegate.swift */,
				85E977A72360D685008EE61C /* SceneDelegate.swift */,
			);
			path = Helpers;
			sourceTree = "<group>";
		};
		85E977C62360E8A8008EE61C /* View Controllers */ = {
			isa = PBXGroup;
			children = (
				85E977BD2360E166008EE61C /* FoodMinderViewController.swift */,
				85E977B92360D886008EE61C /* AddFoodMinderViewController.swift */,
				85D18C4123621D5F00131893 /* UpdateFoodMinderViewController.swift */,
			);
			path = "View Controllers";
			sourceTree = "<group>";
		};
/* End PBXGroup section */

/* Begin PBXNativeTarget section */
		85E977A12360D685008EE61C /* foodMinder */ = {
			isa = PBXNativeTarget;
			buildConfigurationList = 85E977B62360D689008EE61C /* Build configuration list for PBXNativeTarget "foodMinder" */;
			buildPhases = (
				85E9779E2360D685008EE61C /* Sources */,
				85E9779F2360D685008EE61C /* Frameworks */,
				85E977A02360D685008EE61C /* Resources */,
			);
			buildRules = (
			);
			dependencies = (
			);
			name = foodMinder;
			productName = foodMinder;
			productReference = 85E977A22360D685008EE61C /* foodMinder.app */;
			productType = "com.apple.product-type.application";
		};
/* End PBXNativeTarget section */

/* Begin PBXProject section */
		85E9779A2360D685008EE61C /* Project object */ = {
			isa = PBXProject;
			attributes = {
				LastSwiftUpdateCheck = 1110;
				LastUpgradeCheck = 1110;
				ORGANIZATIONNAME = Brandi;
				TargetAttributes = {
					85E977A12360D685008EE61C = {
						CreatedOnToolsVersion = 11.1;
					};
				};
			};
			buildConfigurationList = 85E9779D2360D685008EE61C /* Build configuration list for PBXProject "foodMinder" */;
			compatibilityVersion = "Xcode 9.3";
			developmentRegion = en;
			hasScannedForEncodings = 0;
			knownRegions = (
				en,
				Base,
			);
			mainGroup = 85E977992360D685008EE61C;
			productRefGroup = 85E977A32360D685008EE61C /* Products */;
			projectDirPath = "";
			projectRoot = "";
			targets = (
				85E977A12360D685008EE61C /* foodMinder */,
			);
		};
/* End PBXProject section */

/* Begin PBXResourcesBuildPhase section */
		85E977A02360D685008EE61C /* Resources */ = {
			isa = PBXResourcesBuildPhase;
			buildActionMask = 2147483647;
			files = (
				85E977B22360D689008EE61C /* LaunchScreen.storyboard in Resources */,
				85E977AF2360D689008EE61C /* Assets.xcassets in Resources */,
				85E977AD2360D685008EE61C /* Main.storyboard in Resources */,
			);
			runOnlyForDeploymentPostprocessing = 0;
		};
/* End PBXResourcesBuildPhase section */

/* Begin PBXSourcesBuildPhase section */
		85E9779E2360D685008EE61C /* Sources */ = {
			isa = PBXSourcesBuildPhase;
			buildActionMask = 2147483647;
			files = (
				85D18C4223621D5F00131893 /* UpdateFoodMinderViewController.swift in Sources */,
				85E977BA2360D886008EE61C /* AddFoodMinderViewController.swift in Sources */,
				85E977BE2360E166008EE61C /* FoodMinderViewController.swift in Sources */,
				85E977A62360D685008EE61C /* AppDelegate.swift in Sources */,
				85E977BC2360E08D008EE61C /* FoodMinder.swift in Sources */,
				85E977C22360E567008EE61C /* FoodMinderTableViewCell.swift in Sources */,
				85E977A82360D685008EE61C /* SceneDelegate.swift in Sources */,
				85E977C02360E248008EE61C /* FoodMinderPersistentController.swift in Sources */,
			);
			runOnlyForDeploymentPostprocessing = 0;
		};
/* End PBXSourcesBuildPhase section */

/* Begin PBXVariantGroup section */
		85E977AB2360D685008EE61C /* Main.storyboard */ = {
			isa = PBXVariantGroup;
			children = (
				85E977AC2360D685008EE61C /* Base */,
			);
			name = Main.storyboard;
			sourceTree = "<group>";
		};
		85E977B02360D689008EE61C /* LaunchScreen.storyboard */ = {
			isa = PBXVariantGroup;
			children = (
				85E977B12360D689008EE61C /* Base */,
			);
			name = LaunchScreen.storyboard;
			sourceTree = "<group>";
		};
/* End PBXVariantGroup section */

/* Begin XCBuildConfiguration section */
		85E977B42360D689008EE61C /* Debug */ = {
			isa = XCBuildConfiguration;
			buildSettings = {
				ALWAYS_SEARCH_USER_PATHS = NO;
				CLANG_ANALYZER_NONNULL = YES;
				CLANG_ANALYZER_NUMBER_OBJECT_CONVERSION = YES_AGGRESSIVE;
				CLANG_CXX_LANGUAGE_STANDARD = "gnu++14";
				CLANG_CXX_LIBRARY = "libc++";
				CLANG_ENABLE_MODULES = YES;
				CLANG_ENABLE_OBJC_ARC = YES;
				CLANG_ENABLE_OBJC_WEAK = YES;
				CLANG_WARN_BLOCK_CAPTURE_AUTORELEASING = YES;
				CLANG_WARN_BOOL_CONVERSION = YES;
				CLANG_WARN_COMMA = YES;
				CLANG_WARN_CONSTANT_CONVERSION = YES;
				CLANG_WARN_DEPRECATED_OBJC_IMPLEMENTATIONS = YES;
				CLANG_WARN_DIRECT_OBJC_ISA_USAGE = YES_ERROR;
				CLANG_WARN_DOCUMENTATION_COMMENTS = YES;
				CLANG_WARN_EMPTY_BODY = YES;
				CLANG_WARN_ENUM_CONVERSION = YES;
				CLANG_WARN_INFINITE_RECURSION = YES;
				CLANG_WARN_INT_CONVERSION = YES;
				CLANG_WARN_NON_LITERAL_NULL_CONVERSION = YES;
				CLANG_WARN_OBJC_IMPLICIT_RETAIN_SELF = YES;
				CLANG_WARN_OBJC_LITERAL_CONVERSION = YES;
				CLANG_WARN_OBJC_ROOT_CLASS = YES_ERROR;
				CLANG_WARN_RANGE_LOOP_ANALYSIS = YES;
				CLANG_WARN_STRICT_PROTOTYPES = YES;
				CLANG_WARN_SUSPICIOUS_MOVE = YES;
				CLANG_WARN_UNGUARDED_AVAILABILITY = YES_AGGRESSIVE;
				CLANG_WARN_UNREACHABLE_CODE = YES;
				CLANG_WARN__DUPLICATE_METHOD_MATCH = YES;
				COPY_PHASE_STRIP = NO;
				DEBUG_INFORMATION_FORMAT = dwarf;
				ENABLE_STRICT_OBJC_MSGSEND = YES;
				ENABLE_TESTABILITY = YES;
				GCC_C_LANGUAGE_STANDARD = gnu11;
				GCC_DYNAMIC_NO_PIC = NO;
				GCC_NO_COMMON_BLOCKS = YES;
				GCC_OPTIMIZATION_LEVEL = 0;
				GCC_PREPROCESSOR_DEFINITIONS = (
					"DEBUG=1",
					"$(inherited)",
				);
				GCC_WARN_64_TO_32_BIT_CONVERSION = YES;
				GCC_WARN_ABOUT_RETURN_TYPE = YES_ERROR;
				GCC_WARN_UNDECLARED_SELECTOR = YES;
				GCC_WARN_UNINITIALIZED_AUTOS = YES_AGGRESSIVE;
				GCC_WARN_UNUSED_FUNCTION = YES;
				GCC_WARN_UNUSED_VARIABLE = YES;
				IPHONEOS_DEPLOYMENT_TARGET = 13.1;
				MTL_ENABLE_DEBUG_INFO = INCLUDE_SOURCE;
				MTL_FAST_MATH = YES;
				ONLY_ACTIVE_ARCH = YES;
				SDKROOT = iphoneos;
				SWIFT_ACTIVE_COMPILATION_CONDITIONS = DEBUG;
				SWIFT_OPTIMIZATION_LEVEL = "-Onone";
			};
			name = Debug;
		};
		85E977B52360D689008EE61C /* Release */ = {
			isa = XCBuildConfiguration;
			buildSettings = {
				ALWAYS_SEARCH_USER_PATHS = NO;
				CLANG_ANALYZER_NONNULL = YES;
				CLANG_ANALYZER_NUMBER_OBJECT_CONVERSION = YES_AGGRESSIVE;
				CLANG_CXX_LANGUAGE_STANDARD = "gnu++14";
				CLANG_CXX_LIBRARY = "libc++";
				CLANG_ENABLE_MODULES = YES;
				CLANG_ENABLE_OBJC_ARC = YES;
				CLANG_ENABLE_OBJC_WEAK = YES;
				CLANG_WARN_BLOCK_CAPTURE_AUTORELEASING = YES;
				CLANG_WARN_BOOL_CONVERSION = YES;
				CLANG_WARN_COMMA = YES;
				CLANG_WARN_CONSTANT_CONVERSION = YES;
				CLANG_WARN_DEPRECATED_OBJC_IMPLEMENTATIONS = YES;
				CLANG_WARN_DIRECT_OBJC_ISA_USAGE = YES_ERROR;
				CLANG_WARN_DOCUMENTATION_COMMENTS = YES;
				CLANG_WARN_EMPTY_BODY = YES;
				CLANG_WARN_ENUM_CONVERSION = YES;
				CLANG_WARN_INFINITE_RECURSION = YES;
				CLANG_WARN_INT_CONVERSION = YES;
				CLANG_WARN_NON_LITERAL_NULL_CONVERSION = YES;
				CLANG_WARN_OBJC_IMPLICIT_RETAIN_SELF = YES;
				CLANG_WARN_OBJC_LITERAL_CONVERSION = YES;
				CLANG_WARN_OBJC_ROOT_CLASS = YES_ERROR;
				CLANG_WARN_RANGE_LOOP_ANALYSIS = YES;
				CLANG_WARN_STRICT_PROTOTYPES = YES;
				CLANG_WARN_SUSPICIOUS_MOVE = YES;
				CLANG_WARN_UNGUARDED_AVAILABILITY = YES_AGGRESSIVE;
				CLANG_WARN_UNREACHABLE_CODE = YES;
				CLANG_WARN__DUPLICATE_METHOD_MATCH = YES;
				COPY_PHASE_STRIP = NO;
				DEBUG_INFORMATION_FORMAT = "dwarf-with-dsym";
				ENABLE_NS_ASSERTIONS = NO;
				ENABLE_STRICT_OBJC_MSGSEND = YES;
				GCC_C_LANGUAGE_STANDARD = gnu11;
				GCC_NO_COMMON_BLOCKS = YES;
				GCC_WARN_64_TO_32_BIT_CONVERSION = YES;
				GCC_WARN_ABOUT_RETURN_TYPE = YES_ERROR;
				GCC_WARN_UNDECLARED_SELECTOR = YES;
				GCC_WARN_UNINITIALIZED_AUTOS = YES_AGGRESSIVE;
				GCC_WARN_UNUSED_FUNCTION = YES;
				GCC_WARN_UNUSED_VARIABLE = YES;
				IPHONEOS_DEPLOYMENT_TARGET = 13.1;
				MTL_ENABLE_DEBUG_INFO = NO;
				MTL_FAST_MATH = YES;
				SDKROOT = iphoneos;
				SWIFT_COMPILATION_MODE = wholemodule;
				SWIFT_OPTIMIZATION_LEVEL = "-O";
				VALIDATE_PRODUCT = YES;
			};
			name = Release;
		};
		85E977B72360D689008EE61C /* Debug */ = {
			isa = XCBuildConfiguration;
			buildSettings = {
				ASSETCATALOG_COMPILER_APPICON_NAME = AppIcon;
				CODE_SIGN_IDENTITY = "Apple Development";
				CODE_SIGN_STYLE = Automatic;
				DEVELOPMENT_TEAM = "";
				INFOPLIST_FILE = foodMinder/Info.plist;
				LD_RUNPATH_SEARCH_PATHS = (
					"$(inherited)",
					"@executable_path/Frameworks",
				);
				PRODUCT_BUNDLE_IDENTIFIER = com.lambdaschool.foodMinder;
				PRODUCT_NAME = "$(TARGET_NAME)";
				PROVISIONING_PROFILE_SPECIFIER = "";
				SWIFT_VERSION = 5.0;
				TARGETED_DEVICE_FAMILY = "1,2";
			};
			name = Debug;
		};
		85E977B82360D689008EE61C /* Release */ = {
			isa = XCBuildConfiguration;
			buildSettings = {
				ASSETCATALOG_COMPILER_APPICON_NAME = AppIcon;
				CODE_SIGN_IDENTITY = "Apple Development";
				CODE_SIGN_STYLE = Automatic;
				DEVELOPMENT_TEAM = "";
				INFOPLIST_FILE = foodMinder/Info.plist;
				LD_RUNPATH_SEARCH_PATHS = (
					"$(inherited)",
					"@executable_path/Frameworks",
				);
				PRODUCT_BUNDLE_IDENTIFIER = com.lambdaschool.foodMinder;
				PRODUCT_NAME = "$(TARGET_NAME)";
				PROVISIONING_PROFILE_SPECIFIER = "";
				SWIFT_VERSION = 5.0;
				TARGETED_DEVICE_FAMILY = "1,2";
			};
			name = Release;
		};
/* End XCBuildConfiguration section */

/* Begin XCConfigurationList section */
		85E9779D2360D685008EE61C /* Build configuration list for PBXProject "foodMinder" */ = {
			isa = XCConfigurationList;
			buildConfigurations = (
				85E977B42360D689008EE61C /* Debug */,
				85E977B52360D689008EE61C /* Release */,
			);
			defaultConfigurationIsVisible = 0;
			defaultConfigurationName = Release;
		};
		85E977B62360D689008EE61C /* Build configuration list for PBXNativeTarget "foodMinder" */ = {
			isa = XCConfigurationList;
			buildConfigurations = (
				85E977B72360D689008EE61C /* Debug */,
				85E977B82360D689008EE61C /* Release */,
			);
			defaultConfigurationIsVisible = 0;
			defaultConfigurationName = Release;
		};
/* End XCConfigurationList section */
	};
	rootObject = 85E9779A2360D685008EE61C /* Project object */;
}
